
Microsoft Visual Studio Solution File, Format Version 12.00
# Visual Studio Version 17
VisualStudioVersion = 17.11.35222.181
MinimumVisualStudioVersion = 10.0.40219.1
Project("{FAE04EC0-301F-11D3-BF4B-00C04F79EFBC}") = "DataAccessLayer", "DataAccessLayer\DataAccessLayer.csproj", "{639FD507-B5B0-4CF2-B78B-EE2F6591A7D1}"
EndProject
Project("{FAE04EC0-301F-11D3-BF4B-00C04F79EFBC}") = "Repositories", "Repositories\Repositories.csproj", "{B5E25882-AE58-4189-A806-9D3652876A1F}"
EndProject
Project("{FAE04EC0-301F-11D3-BF4B-00C04F79EFBC}") = "Services", "Services\Services.csproj", "{560EF809-B02E-4EA2-ADBD-ADB97A8F0CDA}"
EndProject
Project("{FAE04EC0-301F-11D3-BF4B-00C04F79EFBC}") = "BusinessObject", "BusinessObject\BusinessObject.csproj", "{7DBE3729-1B62-4DC9-9D70-4D314BB7932C}"
EndProject
Project("{FAE04EC0-301F-11D3-BF4B-00C04F79EFBC}") = "ProductManagementASPNETCoreRazorPage", "ProductManagementASPNETCoreRazorPage\ProductManagementASPNETCoreRazorPage.csproj", "{95B5929B-E9CF-48D4-B937-3BEDC9E8BE1C}"
EndProject
Global
	GlobalSection(SolutionConfigurationPlatforms) = preSolution
		Debug|Any CPU = Debug|Any CPU
		Release|Any CPU = Release|Any CPU
	EndGlobalSection
	GlobalSection(ProjectConfigurationPlatforms) = postSolution
		{639FD507-B5B0-4CF2-B78B-EE2F6591A7D1}.Debug|Any CPU.ActiveCfg = Debug|Any CPU
		{639FD507-B5B0-4CF2-B78B-EE2F6591A7D1}.Debug|Any CPU.Build.0 = Debug|Any CPU
		{639FD507-B5B0-4CF2-B78B-EE2F6591A7D1}.Release|Any CPU.ActiveCfg = Release|Any CPU
		{639FD507-B5B0-4CF2-B78B-EE2F6591A7D1}.Release|Any CPU.Build.0 = Release|Any CPU
		{B5E25882-AE58-4189-A806-9D3652876A1F}.Debug|Any CPU.ActiveCfg = Debug|Any CPU
		{B5E25882-AE58-4189-A806-9D3652876A1F}.Debug|Any CPU.Build.0 = Debug|Any CPU
		{B5E25882-AE58-4189-A806-9D3652876A1F}.Release|Any CPU.ActiveCfg = Release|Any CPU
		{B5E25882-AE58-4189-A806-9D3652876A1F}.Release|Any CPU.Build.0 = Release|Any CPU
		{560EF809-B02E-4EA2-ADBD-ADB97A8F0CDA}.Debug|Any CPU.ActiveCfg = Debug|Any CPU
		{560EF809-B02E-4EA2-ADBD-ADB97A8F0CDA}.Debug|Any CPU.Build.0 = Debug|Any CPU
		{560EF809-B02E-4EA2-ADBD-ADB97A8F0CDA}.Release|Any CPU.ActiveCfg = Release|Any CPU
		{560EF809-B02E-4EA2-ADBD-ADB97A8F0CDA}.Release|Any CPU.Build.0 = Release|Any CPU
		{7DBE3729-1B62-4DC9-9D70-4D314BB7932C}.Debug|Any CPU.ActiveCfg = Debug|Any CPU
		{7DBE3729-1B62-4DC9-9D70-4D314BB7932C}.Debug|Any CPU.Build.0 = Debug|Any CPU
		{7DBE3729-1B62-4DC9-9D70-4D314BB7932C}.Release|Any CPU.ActiveCfg = Release|Any CPU
		{7DBE3729-1B62-4DC9-9D70-4D314BB7932C}.Release|Any CPU.Build.0 = Release|Any CPU
		{95B5929B-E9CF-48D4-B937-3BEDC9E8BE1C}.Debug|Any CPU.ActiveCfg = Debug|Any CPU
		{95B5929B-E9CF-48D4-B937-3BEDC9E8BE1C}.Debug|Any CPU.Build.0 = Debug|Any CPU
		{95B5929B-E9CF-48D4-B937-3BEDC9E8BE1C}.Release|Any CPU.ActiveCfg = Release|Any CPU
		{95B5929B-E9CF-48D4-B937-3BEDC9E8BE1C}.Release|Any CPU.Build.0 = Release|Any CPU
	EndGlobalSection
	GlobalSection(SolutionProperties) = preSolution
		HideSolutionNode = FALSE
	EndGlobalSection
	GlobalSection(ExtensibilityGlobals) = postSolution
		SolutionGuid = {1B643412-95FA-409F-B7DD-69A8FE91B4A9}
	EndGlobalSection
EndGlobal
